
Microsoft Visual Studio Solution File, Format Version 12.00
# Visual Studio Version 17
VisualStudioVersion = 17.0.31903.59
MinimumVisualStudioVersion = 10.0.40219.1
Project("{FAE04EC0-301F-11D3-BF4B-00C04F79EFBC}") = "VisualFXVault.API", "VisualFXVault.API\VisualFXVault.API.csproj", "{4FA2E5E7-AF8B-46D8-9C8F-7C5A25F5A868}"
EndProject
Project("{FAE04EC0-301F-11D3-BF4B-00C04F79EFBC}") = "VisualFXVault.Infrastructure", "VisualFXVault.Infrastructure\VisualFXVault.Infrastructure.csproj", "{6E998BBB-9DFB-446D-A704-24D94D08E7C3}"
EndProject
Project("{FAE04EC0-301F-11D3-BF4B-00C04F79EFBC}") = "VisualFXVault.Domain", "VisualFXVault.Domain\VisualFXVault.Domain.csproj", "{34D4E7F4-E26A-47AB-B544-27A2EEDDA615}"
EndProject
Global
	GlobalSection(SolutionConfigurationPlatforms) = preSolution
		Debug|Any CPU = Debug|Any CPU
		Release|Any CPU = Release|Any CPU
	EndGlobalSection
	GlobalSection(SolutionProperties) = preSolution
		HideSolutionNode = FALSE
	EndGlobalSection
	GlobalSection(ProjectConfigurationPlatforms) = postSolution
		{4FA2E5E7-AF8B-46D8-9C8F-7C5A25F5A868}.Debug|Any CPU.ActiveCfg = Debug|Any CPU
		{4FA2E5E7-AF8B-46D8-9C8F-7C5A25F5A868}.Debug|Any CPU.Build.0 = Debug|Any CPU
		{4FA2E5E7-AF8B-46D8-9C8F-7C5A25F5A868}.Release|Any CPU.ActiveCfg = Release|Any CPU
		{4FA2E5E7-AF8B-46D8-9C8F-7C5A25F5A868}.Release|Any CPU.Build.0 = Release|Any CPU
		{6E998BBB-9DFB-446D-A704-24D94D08E7C3}.Debug|Any CPU.ActiveCfg = Debug|Any CPU
		{6E998BBB-9DFB-446D-A704-24D94D08E7C3}.Debug|Any CPU.Build.0 = Debug|Any CPU
		{6E998BBB-9DFB-446D-A704-24D94D08E7C3}.Release|Any CPU.ActiveCfg = Release|Any CPU
		{6E998BBB-9DFB-446D-A704-24D94D08E7C3}.Release|Any CPU.Build.0 = Release|Any CPU
		{34D4E7F4-E26A-47AB-B544-27A2EEDDA615}.Debug|Any CPU.ActiveCfg = Debug|Any CPU
		{34D4E7F4-E26A-47AB-B544-27A2EEDDA615}.Debug|Any CPU.Build.0 = Debug|Any CPU
		{34D4E7F4-E26A-47AB-B544-27A2EEDDA615}.Release|Any CPU.ActiveCfg = Release|Any CPU
		{34D4E7F4-E26A-47AB-B544-27A2EEDDA615}.Release|Any CPU.Build.0 = Release|Any CPU
	EndGlobalSection
EndGlobal
